
Microsoft Visual Studio Solution File, Format Version 12.00
# Visual Studio Version 16
VisualStudioVersion = 16.0.29728.190
MinimumVisualStudioVersion = 10.0.40219.1
Project("{FAE04EC0-301F-11D3-BF4B-00C04F79EFBC}") = "PruebaSeguros", "PruebaSeguros\PruebaSeguros.csproj", "{D07E524C-691C-4AA2-8537-19332A885AAE}"
EndProject
Global
	GlobalSection(SolutionConfigurationPlatforms) = preSolution
		Debug|Any CPU = Debug|Any CPU
		Release|Any CPU = Release|Any CPU
	EndGlobalSection
	GlobalSection(ProjectConfigurationPlatforms) = postSolution
		{D07E524C-691C-4AA2-8537-19332A885AAE}.Debug|Any CPU.ActiveCfg = Debug|Any CPU
		{D07E524C-691C-4AA2-8537-19332A885AAE}.Debug|Any CPU.Build.0 = Debug|Any CPU
		{D07E524C-691C-4AA2-8537-19332A885AAE}.Release|Any CPU.ActiveCfg = Release|Any CPU
		{D07E524C-691C-4AA2-8537-19332A885AAE}.Release|Any CPU.Build.0 = Release|Any CPU
	EndGlobalSection
	GlobalSection(SolutionProperties) = preSolution
		HideSolutionNode = FALSE
	EndGlobalSection
	GlobalSection(ExtensibilityGlobals) = postSolution
		SolutionGuid = {C16B1EDA-5CD5-44B6-B54A-2D7AA96592E5}
	EndGlobalSection
EndGlobal
